// !$*UTF8*$!
{
	archiveVersion = 1;
	classes = {
	};
	objectVersion = 56;
	objects = {

/* Begin PBXBuildFile section */
		2C667BBA2911D433007EF110 /* MarkListViewController.swift in Sources */ = {isa = PBXBuildFile; fileRef = 2C667BB92911D433007EF110 /* MarkListViewController.swift */; };
		2CDE14152905E63400AA4B3A /* AppDelegate.swift in Sources */ = {isa = PBXBuildFile; fileRef = 2CDE14142905E63400AA4B3A /* AppDelegate.swift */; };
		2CDE14172905E63400AA4B3A /* SceneDelegate.swift in Sources */ = {isa = PBXBuildFile; fileRef = 2CDE14162905E63400AA4B3A /* SceneDelegate.swift */; };
		2CDE14192905E63400AA4B3A /* ViewController.swift in Sources */ = {isa = PBXBuildFile; fileRef = 2CDE14182905E63400AA4B3A /* ViewController.swift */; };
		2CDE141C2905E63500AA4B3A /* Main.storyboard in Resources */ = {isa = PBXBuildFile; fileRef = 2CDE141A2905E63500AA4B3A /* Main.storyboard */; };
		2CDE141E2905E63600AA4B3A /* Assets.xcassets in Resources */ = {isa = PBXBuildFile; fileRef = 2CDE141D2905E63600AA4B3A /* Assets.xcassets */; };
		2CDE14212905E63600AA4B3A /* LaunchScreen.storyboard in Resources */ = {isa = PBXBuildFile; fileRef = 2CDE141F2905E63600AA4B3A /* LaunchScreen.storyboard */; };
		2CDE14292905F8F700AA4B3A /* Question.swift in Sources */ = {isa = PBXBuildFile; fileRef = 2CDE14282905F8F700AA4B3A /* Question.swift */; };
/* End PBXBuildFile section */

/* Begin PBXFileReference section */
		2C667BB92911D433007EF110 /* MarkListViewController.swift */ = {isa = PBXFileReference; lastKnownFileType = sourcecode.swift; path = MarkListViewController.swift; sourceTree = "<group>"; };
		2CDE14112905E63400AA4B3A /* Malsha_C0871063_HappyHalloween.app */ = {isa = PBXFileReference; explicitFileType = wrapper.application; includeInIndex = 0; path = Malsha_C0871063_HappyHalloween.app; sourceTree = BUILT_PRODUCTS_DIR; };
		2CDE14142905E63400AA4B3A /* AppDelegate.swift */ = {isa = PBXFileReference; lastKnownFileType = sourcecode.swift; path = AppDelegate.swift; sourceTree = "<group>"; };
		2CDE14162905E63400AA4B3A /* SceneDelegate.swift */ = {isa = PBXFileReference; lastKnownFileType = sourcecode.swift; path = SceneDelegate.swift; sourceTree = "<group>"; };
		2CDE14182905E63400AA4B3A /* ViewController.swift */ = {isa = PBXFileReference; lastKnownFileType = sourcecode.swift; path = ViewController.swift; sourceTree = "<group>"; };
		2CDE141B2905E63500AA4B3A /* Base */ = {isa = PBXFileReference; lastKnownFileType = file.storyboard; name = Base; path = Base.lproj/Main.storyboard; sourceTree = "<group>"; };
		2CDE141D2905E63600AA4B3A /* Assets.xcassets */ = {isa = PBXFileReference; lastKnownFileType = folder.assetcatalog; path = Assets.xcassets; sourceTree = "<group>"; };
		2CDE14202905E63600AA4B3A /* Base */ = {isa = PBXFileReference; lastKnownFileType = file.storyboard; name = Base; path = Base.lproj/LaunchScreen.storyboard; sourceTree = "<group>"; };
		2CDE14222905E63600AA4B3A /* Info.plist */ = {isa = PBXFileReference; lastKnownFileType = text.plist.xml; path = Info.plist; sourceTree = "<group>"; };
		2CDE14282905F8F700AA4B3A /* Question.swift */ = {isa = PBXFileReference; lastKnownFileType = sourcecode.swift; path = Question.swift; sourceTree = "<group>"; };
/* End PBXFileReference section */

/* Begin PBXFrameworksBuildPhase section */
		2CDE140E2905E63400AA4B3A /* Frameworks */ = {
			isa = PBXFrameworksBuildPhase;
			buildActionMask = 2147483647;
			files = (
			);
			runOnlyForDeploymentPostprocessing = 0;
		};
/* End PBXFrameworksBuildPhase section */

/* Begin PBXGroup section */
		2CDE14082905E63400AA4B3A = {
			isa = PBXGroup;
			children = (
				2CDE14132905E63400AA4B3A /* Malsha_C0871063_HappyHalloween */,
				2CDE14122905E63400AA4B3A /* Products */,
			);
			sourceTree = "<group>";
		};
		2CDE14122905E63400AA4B3A /* Products */ = {
			isa = PBXGroup;
			children = (
				2CDE14112905E63400AA4B3A /* Malsha_C0871063_HappyHalloween.app */,
			);
			name = Products;
			sourceTree = "<group>";
		};
		2CDE14132905E63400AA4B3A /* Malsha_C0871063_HappyHalloween */ = {
			isa = PBXGroup;
			children = (
				2CDE14142905E63400AA4B3A /* AppDelegate.swift */,
				2CDE14162905E63400AA4B3A /* SceneDelegate.swift */,
				2CDE14182905E63400AA4B3A /* ViewController.swift */,
				2CDE141A2905E63500AA4B3A /* Main.storyboard */,
				2CDE141D2905E63600AA4B3A /* Assets.xcassets */,
				2CDE141F2905E63600AA4B3A /* LaunchScreen.storyboard */,
				2CDE14222905E63600AA4B3A /* Info.plist */,
				2CDE14282905F8F700AA4B3A /* Question.swift */,
				2C667BB92911D433007EF110 /* MarkListViewController.swift */,
			);
			path = Malsha_C0871063_HappyHalloween;
			sourceTree = "<group>";
		};
/* End PBXGroup section */

/* Begin PBXNativeTarget section */
		2CDE14102905E63400AA4B3A /* Malsha_C0871063_HappyHalloween */ = {
			isa = PBXNativeTarget;
			buildConfigurationList = 2CDE14252905E63600AA4B3A /* Build configuration list for PBXNativeTarget "Malsha_C0871063_HappyHalloween" */;
			buildPhases = (
				2CDE140D2905E63400AA4B3A /* Sources */,
				2CDE140E2905E63400AA4B3A /* Frameworks */,
				2CDE140F2905E63400AA4B3A /* Resources */,
			);
			buildRules = (
			);
			dependencies = (
			);
			name = Malsha_C0871063_HappyHalloween;
			productName = Malsha_C0871063_HappyHalloween;
			productReference = 2CDE14112905E63400AA4B3A /* Malsha_C0871063_HappyHalloween.app */;
			productType = "com.apple.product-type.application";
		};
/* End PBXNativeTarget section */

/* Begin PBXProject section */
		2CDE14092905E63400AA4B3A /* Project object */ = {
			isa = PBXProject;
			attributes = {
				BuildIndependentTargetsInParallel = 1;
				LastSwiftUpdateCheck = 1400;
				LastUpgradeCheck = 1400;
				TargetAttributes = {
					2CDE14102905E63400AA4B3A = {
						CreatedOnToolsVersion = 14.0.1;
					};
				};
			};
			buildConfigurationList = 2CDE140C2905E63400AA4B3A /* Build configuration list for PBXProject "Malsha_C0871063_HappyHalloween" */;
			compatibilityVersion = "Xcode 14.0";
			developmentRegion = en;
			hasScannedForEncodings = 0;
			knownRegions = (
				en,
				Base,
			);
			mainGroup = 2CDE14082905E63400AA4B3A;
			productRefGroup = 2CDE14122905E63400AA4B3A /* Products */;
			projectDirPath = "";
			projectRoot = "";
			targets = (
				2CDE14102905E63400AA4B3A /* Malsha_C0871063_HappyHalloween */,
			);
		};
/* End PBXProject section */

/* Begin PBXResourcesBuildPhase section */
		2CDE140F2905E63400AA4B3A /* Resources */ = {
			isa = PBXResourcesBuildPhase;
			buildActionMask = 2147483647;
			files = (
				2CDE14212905E63600AA4B3A /* LaunchScreen.storyboard in Resources */,
				2CDE141E2905E63600AA4B3A /* Assets.xcassets in Resources */,
				2CDE141C2905E63500AA4B3A /* Main.storyboard in Resources */,
			);
			runOnlyForDeploymentPostprocessing = 0;
		};
/* End PBXResourcesBuildPhase section */

/* Begin PBXSourcesBuildPhase section */
		2CDE140D2905E63400AA4B3A /* Sources */ = {
			isa = PBXSourcesBuildPhase;
			buildActionMask = 2147483647;
			files = (
				2CDE14192905E63400AA4B3A /* ViewController.swift in Sources */,
				2C667BBA2911D433007EF110 /* MarkListViewController.swift in Sources */,
				2CDE14292905F8F700AA4B3A /* Question.swift in Sources */,
				2CDE14152905E63400AA4B3A /* AppDelegate.swift in Sources */,
				2CDE14172905E63400AA4B3A /* SceneDelegate.swift in Sources */,
			);
			runOnlyForDeploymentPostprocessing = 0;
		};
/* End PBXSourcesBuildPhase section */

/* Begin PBXVariantGroup section */
		2CDE141A2905E63500AA4B3A /* Main.storyboard */ = {
			isa = PBXVariantGroup;
			children = (
				2CDE141B2905E63500AA4B3A /* Base */,
			);
			name = Main.storyboard;
			sourceTree = "<group>";
		};
		2CDE141F2905E63600AA4B3A /* LaunchScreen.storyboard */ = {
			isa = PBXVariantGroup;
			children = (
				2CDE14202905E63600AA4B3A /* Base */,
			);
			name = LaunchScreen.storyboard;
			sourceTree = "<group>";
		};
/* End PBXVariantGroup section */

/* Begin XCBuildConfiguration section */
		2CDE14232905E63600AA4B3A /* Debug */ = {
			isa = XCBuildConfiguration;
			buildSettings = {
				ALWAYS_SEARCH_USER_PATHS = NO;
				CLANG_ANALYZER_NONNULL = YES;
				CLANG_ANALYZER_NUMBER_OBJECT_CONVERSION = YES_AGGRESSIVE;
				CLANG_CXX_LANGUAGE_STANDARD = "gnu++20";
				CLANG_ENABLE_MODULES = YES;
				CLANG_ENABLE_OBJC_ARC = YES;
				CLANG_ENABLE_OBJC_WEAK = YES;
				CLANG_WARN_BLOCK_CAPTURE_AUTORELEASING = YES;
				CLANG_WARN_BOOL_CONVERSION = YES;
				CLANG_WARN_COMMA = YES;
				CLANG_WARN_CONSTANT_CONVERSION = YES;
				CLANG_WARN_DEPRECATED_OBJC_IMPLEMENTATIONS = YES;
				CLANG_WARN_DIRECT_OBJC_ISA_USAGE = YES_ERROR;
				CLANG_WARN_DOCUMENTATION_COMMENTS = YES;
				CLANG_WARN_EMPTY_BODY = YES;
				CLANG_WARN_ENUM_CONVERSION = YES;
				CLANG_WARN_INFINITE_RECURSION = YES;
				CLANG_WARN_INT_CONVERSION = YES;
				CLANG_WARN_NON_LITERAL_NULL_CONVERSION = YES;
				CLANG_WARN_OBJC_IMPLICIT_RETAIN_SELF = YES;
				CLANG_WARN_OBJC_LITERAL_CONVERSION = YES;
				CLANG_WARN_OBJC_ROOT_CLASS = YES_ERROR;
				CLANG_WARN_QUOTED_INCLUDE_IN_FRAMEWORK_HEADER = YES;
				CLANG_WARN_RANGE_LOOP_ANALYSIS = YES;
				CLANG_WARN_STRICT_PROTOTYPES = YES;
				CLANG_WARN_SUSPICIOUS_MOVE = YES;
				CLANG_WARN_UNGUARDED_AVAILABILITY = YES_AGGRESSIVE;
				CLANG_WARN_UNREACHABLE_CODE = YES;
				CLANG_WARN__DUPLICATE_METHOD_MATCH = YES;
				COPY_PHASE_STRIP = NO;
				DEBUG_INFORMATION_FORMAT = dwarf;
				ENABLE_STRICT_OBJC_MSGSEND = YES;
				ENABLE_TESTABILITY = YES;
				GCC_C_LANGUAGE_STANDARD = gnu11;
				GCC_DYNAMIC_NO_PIC = NO;
				GCC_NO_COMMON_BLOCKS = YES;
				GCC_OPTIMIZATION_LEVEL = 0;
				GCC_PREPROCESSOR_DEFINITIONS = (
					"DEBUG=1",
					"$(inherited)",
				);
				GCC_WARN_64_TO_32_BIT_CONVERSION = YES;
				GCC_WARN_ABOUT_RETURN_TYPE = YES_ERROR;
				GCC_WARN_UNDECLARED_SELECTOR = YES;
				GCC_WARN_UNINITIALIZED_AUTOS = YES_AGGRESSIVE;
				GCC_WARN_UNUSED_FUNCTION = YES;
				GCC_WARN_UNUSED_VARIABLE = YES;
				IPHONEOS_DEPLOYMENT_TARGET = 16.0;
				MTL_ENABLE_DEBUG_INFO = INCLUDE_SOURCE;
				MTL_FAST_MATH = YES;
				ONLY_ACTIVE_ARCH = YES;
				SDKROOT = iphoneos;
				SWIFT_ACTIVE_COMPILATION_CONDITIONS = DEBUG;
				SWIFT_OPTIMIZATION_LEVEL = "-Onone";
			};
			name = Debug;
		};
		2CDE14242905E63600AA4B3A /* Release */ = {
			isa = XCBuildConfiguration;
			buildSettings = {
				ALWAYS_SEARCH_USER_PATHS = NO;
				CLANG_ANALYZER_NONNULL = YES;
				CLANG_ANALYZER_NUMBER_OBJECT_CONVERSION = YES_AGGRESSIVE;
				CLANG_CXX_LANGUAGE_STANDARD = "gnu++20";
				CLANG_ENABLE_MODULES = YES;
				CLANG_ENABLE_OBJC_ARC = YES;
				CLANG_ENABLE_OBJC_WEAK = YES;
				CLANG_WARN_BLOCK_CAPTURE_AUTORELEASING = YES;
				CLANG_WARN_BOOL_CONVERSION = YES;
				CLANG_WARN_COMMA = YES;
				CLANG_WARN_CONSTANT_CONVERSION = YES;
				CLANG_WARN_DEPRECATED_OBJC_IMPLEMENTATIONS = YES;
				CLANG_WARN_DIRECT_OBJC_ISA_USAGE = YES_ERROR;
				CLANG_WARN_DOCUMENTATION_COMMENTS = YES;
				CLANG_WARN_EMPTY_BODY = YES;
				CLANG_WARN_ENUM_CONVERSION = YES;
				CLANG_WARN_INFINITE_RECURSION = YES;
				CLANG_WARN_INT_CONVERSION = YES;
				CLANG_WARN_NON_LITERAL_NULL_CONVERSION = YES;
				CLANG_WARN_OBJC_IMPLICIT_RETAIN_SELF = YES;
				CLANG_WARN_OBJC_LITERAL_CONVERSION = YES;
				CLANG_WARN_OBJC_ROOT_CLASS = YES_ERROR;
				CLANG_WARN_QUOTED_INCLUDE_IN_FRAMEWORK_HEADER = YES;
				CLANG_WARN_RANGE_LOOP_ANALYSIS = YES;
				CLANG_WARN_STRICT_PROTOTYPES = YES;
				CLANG_WARN_SUSPICIOUS_MOVE = YES;
				CLANG_WARN_UNGUARDED_AVAILABILITY = YES_AGGRESSIVE;
				CLANG_WARN_UNREACHABLE_CODE = YES;
				CLANG_WARN__DUPLICATE_METHOD_MATCH = YES;
				COPY_PHASE_STRIP = NO;
				DEBUG_INFORMATION_FORMAT = "dwarf-with-dsym";
				ENABLE_NS_ASSERTIONS = NO;
				ENABLE_STRICT_OBJC_MSGSEND = YES;
				GCC_C_LANGUAGE_STANDARD = gnu11;
				GCC_NO_COMMON_BLOCKS = YES;
				GCC_WARN_64_TO_32_BIT_CONVERSION = YES;
				GCC_WARN_ABOUT_RETURN_TYPE = YES_ERROR;
				GCC_WARN_UNDECLARED_SELECTOR = YES;
				GCC_WARN_UNINITIALIZED_AUTOS = YES_AGGRESSIVE;
				GCC_WARN_UNUSED_FUNCTION = YES;
				GCC_WARN_UNUSED_VARIABLE = YES;
				IPHONEOS_DEPLOYMENT_TARGET = 16.0;
				MTL_ENABLE_DEBUG_INFO = NO;
				MTL_FAST_MATH = YES;
				SDKROOT = iphoneos;
				SWIFT_COMPILATION_MODE = wholemodule;
				SWIFT_OPTIMIZATION_LEVEL = "-O";
				VALIDATE_PRODUCT = YES;
			};
			name = Release;
		};
		2CDE14262905E63600AA4B3A /* Debug */ = {
			isa = XCBuildConfiguration;
			buildSettings = {
				ASSETCATALOG_COMPILER_APPICON_NAME = AppIcon;
				ASSETCATALOG_COMPILER_GLOBAL_ACCENT_COLOR_NAME = AccentColor;
				CODE_SIGN_STYLE = Automatic;
				CURRENT_PROJECT_VERSION = 1;
				GENERATE_INFOPLIST_FILE = YES;
				INFOPLIST_FILE = Malsha_C0871063_HappyHalloween/Info.plist;
				INFOPLIST_KEY_UIApplicationSupportsIndirectInputEvents = YES;
				INFOPLIST_KEY_UILaunchStoryboardName = LaunchScreen;
				INFOPLIST_KEY_UIMainStoryboardFile = Main;
				INFOPLIST_KEY_UISupportedInterfaceOrientations_iPad = "UIInterfaceOrientationPortrait UIInterfaceOrientationPortraitUpsideDown UIInterfaceOrientationLandscapeLeft UIInterfaceOrientationLandscapeRight";
				INFOPLIST_KEY_UISupportedInterfaceOrientations_iPhone = "UIInterfaceOrientationPortrait UIInterfaceOrientationLandscapeLeft UIInterfaceOrientationLandscapeRight";
				LD_RUNPATH_SEARCH_PATHS = (
					"$(inherited)",
					"@executable_path/Frameworks",
				);
				MARKETING_VERSION = 1.0;
				PRODUCT_BUNDLE_IDENTIFIER = "LambtonCollage-.com.Malsha-C0871063-HappyHalloween";
				PRODUCT_NAME = "$(TARGET_NAME)";
				SWIFT_EMIT_LOC_STRINGS = YES;
				SWIFT_VERSION = 5.0;
				TARGETED_DEVICE_FAMILY = "1,2";
			};
			name = Debug;
		};
		2CDE14272905E63600AA4B3A /* Release */ = {
			isa = XCBuildConfiguration;
			buildSettings = {
				ASSETCATALOG_COMPILER_APPICON_NAME = AppIcon;
				ASSETCATALOG_COMPILER_GLOBAL_ACCENT_COLOR_NAME = AccentColor;
				CODE_SIGN_STYLE = Automatic;
				CURRENT_PROJECT_VERSION = 1;
				GENERATE_INFOPLIST_FILE = YES;
				INFOPLIST_FILE = Malsha_C0871063_HappyHalloween/Info.plist;
				INFOPLIST_KEY_UIApplicationSupportsIndirectInputEvents = YES;
				INFOPLIST_KEY_UILaunchStoryboardName = LaunchScreen;
				INFOPLIST_KEY_UIMainStoryboardFile = Main;
				INFOPLIST_KEY_UISupportedInterfaceOrientations_iPad = "UIInterfaceOrientationPortrait UIInterfaceOrientationPortraitUpsideDown UIInterfaceOrientationLandscapeLeft UIInterfaceOrientationLandscapeRight";
				INFOPLIST_KEY_UISupportedInterfaceOrientations_iPhone = "UIInterfaceOrientationPortrait UIInterfaceOrientationLandscapeLeft UIInterfaceOrientationLandscapeRight";
				LD_RUNPATH_SEARCH_PATHS = (
					"$(inherited)",
					"@executable_path/Frameworks",
				);
				MARKETING_VERSION = 1.0;
				PRODUCT_BUNDLE_IDENTIFIER = "LambtonCollage-.com.Malsha-C0871063-HappyHalloween";
				PRODUCT_NAME = "$(TARGET_NAME)";
				SWIFT_EMIT_LOC_STRINGS = YES;
				SWIFT_VERSION = 5.0;
				TARGETED_DEVICE_FAMILY = "1,2";
			};
			name = Release;
		};
/* End XCBuildConfiguration section */

/* Begin XCConfigurationList section */
		2CDE140C2905E63400AA4B3A /* Build configuration list for PBXProject "Malsha_C0871063_HappyHalloween" */ = {
			isa = XCConfigurationList;
			buildConfigurations = (
				2CDE14232905E63600AA4B3A /* Debug */,
				2CDE14242905E63600AA4B3A /* Release */,
			);
			defaultConfigurationIsVisible = 0;
			defaultConfigurationName = Release;
		};
		2CDE14252905E63600AA4B3A /* Build configuration list for PBXNativeTarget "Malsha_C0871063_HappyHalloween" */ = {
			isa = XCConfigurationList;
			buildConfigurations = (
				2CDE14262905E63600AA4B3A /* Debug */,
				2CDE14272905E63600AA4B3A /* Release */,
			);
			defaultConfigurationIsVisible = 0;
			defaultConfigurationName = Release;
		};
/* End XCConfigurationList section */
	};
	rootObject = 2CDE14092905E63400AA4B3A /* Project object */;
}
